
Microsoft Visual Studio Solution File, Format Version 12.00
# Visual Studio Version 16
VisualStudioVersion = 25.0.1705.2
MinimumVisualStudioVersion = 10.0.40219.1
Project("{FAE04EC0-301F-11D3-BF4B-00C04F79EFBC}") = "eShop.Domain", "eShop.Domain\eShop.Domain.csproj", "{7BCAA459-396E-4E8E-B91B-445ABE7012CC}"
EndProject
Project("{FAE04EC0-301F-11D3-BF4B-00C04F79EFBC}") = "eShop.API", "eShop.API\eShop.API.csproj", "{ACCA89AB-7787-492E-BFF1-63D69D958284}"
EndProject
Project("{FAE04EC0-301F-11D3-BF4B-00C04F79EFBC}") = "eShop.Data", "eShop.Data\eShop.Data.csproj", "{AC700D60-88F0-49E6-B35E-498D9D43D842}"
EndProject
Project("{2150E333-8FDC-42A3-9474-1A3956D46DE8}") = "Solution Items", "Solution Items", "{B322572A-BA9A-4C55-AD8B-E02DC3E9BF2E}"
	ProjectSection(SolutionItems) = preProject
		eShop.sln = eShop.sln
		README.md = README.md
		.gitignore = .gitignore
	EndProjectSection
EndProject
Global
	GlobalSection(SolutionConfigurationPlatforms) = preSolution
		Debug|Any CPU = Debug|Any CPU
		Release|Any CPU = Release|Any CPU
	EndGlobalSection
	GlobalSection(ProjectConfigurationPlatforms) = postSolution
		{7BCAA459-396E-4E8E-B91B-445ABE7012CC}.Debug|Any CPU.ActiveCfg = Debug|Any CPU
		{7BCAA459-396E-4E8E-B91B-445ABE7012CC}.Debug|Any CPU.Build.0 = Debug|Any CPU
		{7BCAA459-396E-4E8E-B91B-445ABE7012CC}.Release|Any CPU.ActiveCfg = Release|Any CPU
		{7BCAA459-396E-4E8E-B91B-445ABE7012CC}.Release|Any CPU.Build.0 = Release|Any CPU
		{ACCA89AB-7787-492E-BFF1-63D69D958284}.Debug|Any CPU.ActiveCfg = Debug|Any CPU
		{ACCA89AB-7787-492E-BFF1-63D69D958284}.Debug|Any CPU.Build.0 = Debug|Any CPU
		{ACCA89AB-7787-492E-BFF1-63D69D958284}.Release|Any CPU.ActiveCfg = Release|Any CPU
		{ACCA89AB-7787-492E-BFF1-63D69D958284}.Release|Any CPU.Build.0 = Release|Any CPU
		{AC700D60-88F0-49E6-B35E-498D9D43D842}.Debug|Any CPU.ActiveCfg = Debug|Any CPU
		{AC700D60-88F0-49E6-B35E-498D9D43D842}.Debug|Any CPU.Build.0 = Debug|Any CPU
		{AC700D60-88F0-49E6-B35E-498D9D43D842}.Release|Any CPU.ActiveCfg = Release|Any CPU
		{AC700D60-88F0-49E6-B35E-498D9D43D842}.Release|Any CPU.Build.0 = Release|Any CPU
	EndGlobalSection
	GlobalSection(SolutionProperties) = preSolution
		HideSolutionNode = FALSE
	EndGlobalSection
	GlobalSection(ExtensibilityGlobals) = postSolution
		SolutionGuid = {4F2C8F4D-08B1-4DF5-AD24-84A539F399DE}
	EndGlobalSection
EndGlobal
